
Microsoft Visual Studio Solution File, Format Version 12.00
# Visual Studio Version 17
VisualStudioVersion = 17.10.35122.118
MinimumVisualStudioVersion = 10.0.40219.1
Project("{FAE04EC0-301F-11D3-BF4B-00C04F79EFBC}") = "MauiApp test", "MauiApp test\MauiApp test.csproj", "{EE86942B-5A96-4951-90BF-50B7C3E99531}"
EndProject
Global
	GlobalSection(SolutionConfigurationPlatforms) = preSolution
		Debug|Any CPU = Debug|Any CPU
		Release|Any CPU = Release|Any CPU
	EndGlobalSection
	GlobalSection(ProjectConfigurationPlatforms) = postSolution
		{EE86942B-5A96-4951-90BF-50B7C3E99531}.Debug|Any CPU.ActiveCfg = Debug|Any CPU
		{EE86942B-5A96-4951-90BF-50B7C3E99531}.Debug|Any CPU.Build.0 = Debug|Any CPU
		{EE86942B-5A96-4951-90BF-50B7C3E99531}.Debug|Any CPU.Deploy.0 = Debug|Any CPU
		{EE86942B-5A96-4951-90BF-50B7C3E99531}.Release|Any CPU.ActiveCfg = Release|Any CPU
		{EE86942B-5A96-4951-90BF-50B7C3E99531}.Release|Any CPU.Build.0 = Release|Any CPU
		{EE86942B-5A96-4951-90BF-50B7C3E99531}.Release|Any CPU.Deploy.0 = Release|Any CPU
	EndGlobalSection
	GlobalSection(SolutionProperties) = preSolution
		HideSolutionNode = FALSE
	EndGlobalSection
	GlobalSection(ExtensibilityGlobals) = postSolution
		SolutionGuid = {47B09E7B-DFCA-4381-83B4-33A3885E0550}
	EndGlobalSection
EndGlobal
